// !$*UTF8*$!
{
	archiveVersion = 1;
	classes = {
	};
	objectVersion = 51;
	objects = {

/* Begin PBXBuildFile section */
		27ECEED825227659000E0767 /* AppDelegate.swift in Sources */ = {isa = PBXBuildFile; fileRef = 27ECEED725227659000E0767 /* AppDelegate.swift */; };
		27ECEEE12522765B000E0767 /* Assets.xcassets in Resources */ = {isa = PBXBuildFile; fileRef = 27ECEEE02522765B000E0767 /* Assets.xcassets */; };
		27ECEEE42522765B000E0767 /* LaunchScreen.storyboard in Resources */ = {isa = PBXBuildFile; fileRef = 27ECEEE22522765B000E0767 /* LaunchScreen.storyboard */; };
		27ECEF06252276AD000E0767 /* Domain.h in Headers */ = {isa = PBXBuildFile; fileRef = 27ECEF04252276AD000E0767 /* Domain.h */; settings = {ATTRIBUTES = (Public, ); }; };
		27ECEF09252276AD000E0767 /* Domain.framework in Frameworks */ = {isa = PBXBuildFile; fileRef = 27ECEF02252276AD000E0767 /* Domain.framework */; };
		27ECEF0A252276AD000E0767 /* Domain.framework in Embed Frameworks */ = {isa = PBXBuildFile; fileRef = 27ECEF02252276AD000E0767 /* Domain.framework */; settings = {ATTRIBUTES = (CodeSignOnCopy, RemoveHeadersOnCopy, ); }; };
		27ECEF1025228671000E0767 /* Character.swift in Sources */ = {isa = PBXBuildFile; fileRef = 27ECEF0F25228671000E0767 /* Character.swift */; };
		27ECEF12252287CC000E0767 /* Thumbnail.swift in Sources */ = {isa = PBXBuildFile; fileRef = 27ECEF11252287CC000E0767 /* Thumbnail.swift */; };
		27ECEF1525228B8A000E0767 /* ListCharactersUseCase.swift in Sources */ = {isa = PBXBuildFile; fileRef = 27ECEF1425228B8A000E0767 /* ListCharactersUseCase.swift */; };
		27ECEF1725228E3A000E0767 /* CharactersResponse.swift in Sources */ = {isa = PBXBuildFile; fileRef = 27ECEF1625228E3A000E0767 /* CharactersResponse.swift */; };
		27ECEF2425246F5F000E0767 /* ApiPlatform.h in Headers */ = {isa = PBXBuildFile; fileRef = 27ECEF2225246F5F000E0767 /* ApiPlatform.h */; settings = {ATTRIBUTES = (Public, ); }; };
		27ECEF2725246F5F000E0767 /* ApiPlatform.framework in Frameworks */ = {isa = PBXBuildFile; fileRef = 27ECEF2025246F5F000E0767 /* ApiPlatform.framework */; };
		27ECEF2825246F5F000E0767 /* ApiPlatform.framework in Embed Frameworks */ = {isa = PBXBuildFile; fileRef = 27ECEF2025246F5F000E0767 /* ApiPlatform.framework */; settings = {ATTRIBUTES = (CodeSignOnCopy, RemoveHeadersOnCopy, ); }; };
		27ECEF2E25246F79000E0767 /* Network.swift in Sources */ = {isa = PBXBuildFile; fileRef = 27ECEF2D25246F79000E0767 /* Network.swift */; };
		27ECEF3125246F9E000E0767 /* API.swift in Sources */ = {isa = PBXBuildFile; fileRef = 27ECEF3025246F9E000E0767 /* API.swift */; };
		27ECEF332524706A000E0767 /* CharactersUseCase.swift in Sources */ = {isa = PBXBuildFile; fileRef = 27ECEF322524706A000E0767 /* CharactersUseCase.swift */; };
		27ECEF34252470A7000E0767 /* Domain.framework in Frameworks */ = {isa = PBXBuildFile; fileRef = 27ECEF02252276AD000E0767 /* Domain.framework */; };
		27ECEF35252470A7000E0767 /* Domain.framework in Embed Frameworks */ = {isa = PBXBuildFile; fileRef = 27ECEF02252276AD000E0767 /* Domain.framework */; settings = {ATTRIBUTES = (RemoveHeadersOnCopy, ); }; };
		27ECEF3B252471E6000E0767 /* MarvelConstants.swift in Sources */ = {isa = PBXBuildFile; fileRef = 27ECEF3A252471E6000E0767 /* MarvelConstants.swift */; };
		27ECEF3D2524AB7D000E0767 /* Keys.plist in Resources */ = {isa = PBXBuildFile; fileRef = 27ECEF3C2524AB7D000E0767 /* Keys.plist */; };
		27ECEF3F2524AC5A000E0767 /* MarvelRequestInterceptor.swift in Sources */ = {isa = PBXBuildFile; fileRef = 27ECEF3E2524AC5A000E0767 /* MarvelRequestInterceptor.swift */; };
		27ECEF422524B6F3000E0767 /* MarvelSession.swift in Sources */ = {isa = PBXBuildFile; fileRef = 27ECEF412524B6F3000E0767 /* MarvelSession.swift */; };
		27ECEF47252530E0000E0767 /* ViewModelType.swift in Sources */ = {isa = PBXBuildFile; fileRef = 27ECEF46252530E0000E0767 /* ViewModelType.swift */; };
		27ECEF4925253132000E0767 /* CharactersListViewModel.swift in Sources */ = {isa = PBXBuildFile; fileRef = 27ECEF4825253132000E0767 /* CharactersListViewModel.swift */; };
		27ECEF4D252539B3000E0767 /* Coordinator.swift in Sources */ = {isa = PBXBuildFile; fileRef = 27ECEF4C252539B3000E0767 /* Coordinator.swift */; };
		27ECEF5325265827000E0767 /* UIViewController.swift in Sources */ = {isa = PBXBuildFile; fileRef = 27ECEF5225265827000E0767 /* UIViewController.swift */; };
		27ECEF5525265D79000E0767 /* CharactersListCoordinator.swift in Sources */ = {isa = PBXBuildFile; fileRef = 27ECEF5425265D79000E0767 /* CharactersListCoordinator.swift */; };
		27ECEF5825265ECB000E0767 /* CharactersListViewController.swift in Sources */ = {isa = PBXBuildFile; fileRef = 27ECEF5625265ECB000E0767 /* CharactersListViewController.swift */; };
		27ECEF5925265ECB000E0767 /* CharactersListViewController.xib in Resources */ = {isa = PBXBuildFile; fileRef = 27ECEF5725265ECB000E0767 /* CharactersListViewController.xib */; };
		27ECEF6325268BA2000E0767 /* UITableViewCell.swift in Sources */ = {isa = PBXBuildFile; fileRef = 27ECEF6225268BA2000E0767 /* UITableViewCell.swift */; };
		27ECEF6825268DFC000E0767 /* CharacterTableViewCell.swift in Sources */ = {isa = PBXBuildFile; fileRef = 27ECEF6625268DFC000E0767 /* CharacterTableViewCell.swift */; };
		27ECEF6925268DFC000E0767 /* CharacterTableViewCell.xib in Resources */ = {isa = PBXBuildFile; fileRef = 27ECEF6725268DFC000E0767 /* CharacterTableViewCell.xib */; };
		27ECEF6C25279D48000E0767 /* MarvelActivityIndicator.swift in Sources */ = {isa = PBXBuildFile; fileRef = 27ECEF6B25279D48000E0767 /* MarvelActivityIndicator.swift */; };
		27ECEF722527A53E000E0767 /* DetailedCharacterViewController.swift in Sources */ = {isa = PBXBuildFile; fileRef = 27ECEF702527A53E000E0767 /* DetailedCharacterViewController.swift */; };
		27ECEF732527A53E000E0767 /* DetailedCharacterViewController.xib in Resources */ = {isa = PBXBuildFile; fileRef = 27ECEF712527A53E000E0767 /* DetailedCharacterViewController.xib */; };
		27ECEF752527AF5B000E0767 /* DetailedCharacterUseCase.swift in Sources */ = {isa = PBXBuildFile; fileRef = 27ECEF742527AF5B000E0767 /* DetailedCharacterUseCase.swift */; };
		27ECEF792527B25A000E0767 /* Comic.swift in Sources */ = {isa = PBXBuildFile; fileRef = 27ECEF782527B25A000E0767 /* Comic.swift */; };
		27ECEF7B2527B264000E0767 /* ComicsResponse.swift in Sources */ = {isa = PBXBuildFile; fileRef = 27ECEF7A2527B264000E0767 /* ComicsResponse.swift */; };
		27ECEF7E2527B279000E0767 /* Serie.swift in Sources */ = {isa = PBXBuildFile; fileRef = 27ECEF7D2527B279000E0767 /* Serie.swift */; };
		27ECEF802527B281000E0767 /* SeriesResponse.swift in Sources */ = {isa = PBXBuildFile; fileRef = 27ECEF7F2527B281000E0767 /* SeriesResponse.swift */; };
		27ECEF832527B298000E0767 /* Story.swift in Sources */ = {isa = PBXBuildFile; fileRef = 27ECEF822527B298000E0767 /* Story.swift */; };
		27ECEF852527B29F000E0767 /* StoriesResponse.swift in Sources */ = {isa = PBXBuildFile; fileRef = 27ECEF842527B29F000E0767 /* StoriesResponse.swift */; };
		27ECEF882527B2C5000E0767 /* Event.swift in Sources */ = {isa = PBXBuildFile; fileRef = 27ECEF872527B2C5000E0767 /* Event.swift */; };
		27ECEF8A2527B2D1000E0767 /* EventsResponse.swift in Sources */ = {isa = PBXBuildFile; fileRef = 27ECEF892527B2D1000E0767 /* EventsResponse.swift */; };
		27ECEF8C2527B7CA000E0767 /* CharacterUseCase.swift in Sources */ = {isa = PBXBuildFile; fileRef = 27ECEF8B2527B7CA000E0767 /* CharacterUseCase.swift */; };
		27ECEF8F2527B9FF000E0767 /* ParamsBuilder.swift in Sources */ = {isa = PBXBuildFile; fileRef = 27ECEF8E2527B9FF000E0767 /* ParamsBuilder.swift */; };
		27ECEF922527C038000E0767 /* DetailedCharacterViewModel.swift in Sources */ = {isa = PBXBuildFile; fileRef = 27ECEF912527C038000E0767 /* DetailedCharacterViewModel.swift */; };
		27ECEF962527CAC7000E0767 /* DetailedCharacterCollectionViewCell.swift in Sources */ = {isa = PBXBuildFile; fileRef = 27ECEF942527CAC7000E0767 /* DetailedCharacterCollectionViewCell.swift */; };
		27ECEF972527CAC7000E0767 /* DetailedCharacterCollectionViewCell.xib in Resources */ = {isa = PBXBuildFile; fileRef = 27ECEF952527CAC7000E0767 /* DetailedCharacterCollectionViewCell.xib */; };
		27ECEF992527CB9A000E0767 /* UICollectionViewCell.swift in Sources */ = {isa = PBXBuildFile; fileRef = 27ECEF982527CB9A000E0767 /* UICollectionViewCell.swift */; };
		27ECEF9B2527E1E7000E0767 /* MarvelCollectionView.swift in Sources */ = {isa = PBXBuildFile; fileRef = 27ECEF9A2527E1E7000E0767 /* MarvelCollectionView.swift */; };
		27ED706A2528AB6B009B5243 /* UIView.swift in Sources */ = {isa = PBXBuildFile; fileRef = 27ED70692528AB6B009B5243 /* UIView.swift */; };
		27ED706C2528C495009B5243 /* NoDataHandler.swift in Sources */ = {isa = PBXBuildFile; fileRef = 27ED706B2528C495009B5243 /* NoDataHandler.swift */; };
		27ED70842528CFB4009B5243 /* ApiPlatform.framework in Frameworks */ = {isa = PBXBuildFile; fileRef = 27ECEF2025246F5F000E0767 /* ApiPlatform.framework */; };
		27ED708B2528CFD6009B5243 /* ParamsBuilderTest.swift in Sources */ = {isa = PBXBuildFile; fileRef = 27ED708A2528CFD6009B5243 /* ParamsBuilderTest.swift */; };
		27ED708F2529F289009B5243 /* ChacheHandler.swift in Sources */ = {isa = PBXBuildFile; fileRef = 27ED708E2529F289009B5243 /* ChacheHandler.swift */; };
		27ED70912529F6D0009B5243 /* CacheHandlerTest.swift in Sources */ = {isa = PBXBuildFile; fileRef = 27ED70902529F6D0009B5243 /* CacheHandlerTest.swift */; };
		27ED70922529FBC4009B5243 /* ParamsBuilder.swift in Sources */ = {isa = PBXBuildFile; fileRef = 27ECEF8E2527B9FF000E0767 /* ParamsBuilder.swift */; };
		27ED70932529FBCA009B5243 /* ChacheHandler.swift in Sources */ = {isa = PBXBuildFile; fileRef = 27ED708E2529F289009B5243 /* ChacheHandler.swift */; };
		27ED70B4252A0071009B5243 /* MarvelActivityIndicator.swift in Sources */ = {isa = PBXBuildFile; fileRef = 27ECEF6B25279D48000E0767 /* MarvelActivityIndicator.swift */; };
		27ED70B6252A008E009B5243 /* MarvelActivityIndicatorTest.swift in Sources */ = {isa = PBXBuildFile; fileRef = 27ED70B5252A008E009B5243 /* MarvelActivityIndicatorTest.swift */; };
		27ED70B7252A024C009B5243 /* UiElements.swift in Sources */ = {isa = PBXBuildFile; fileRef = 27FEB7FF2527FC320028901F /* UiElements.swift */; };
		27ED70B9252A11E7009B5243 /* NoDataFoundTest.swift in Sources */ = {isa = PBXBuildFile; fileRef = 27ED70B8252A11E7009B5243 /* NoDataFoundTest.swift */; };
		27ED70BA252A11EB009B5243 /* NoDataHandler.swift in Sources */ = {isa = PBXBuildFile; fileRef = 27ED706B2528C495009B5243 /* NoDataHandler.swift */; };
		27ED70BB252A1D3A009B5243 /* MarvelCollectionView.swift in Sources */ = {isa = PBXBuildFile; fileRef = 27ECEF9A2527E1E7000E0767 /* MarvelCollectionView.swift */; };
		27ED70BD252A2771009B5243 /* MarvelCollectionViewTest.swift in Sources */ = {isa = PBXBuildFile; fileRef = 27ED70BC252A2771009B5243 /* MarvelCollectionViewTest.swift */; };
		27ED70C0252A2CA8009B5243 /* MarvelCollectionView.xib in Resources */ = {isa = PBXBuildFile; fileRef = 27ED70BF252A2CA8009B5243 /* MarvelCollectionView.xib */; };
		27ED70C1252A2CC8009B5243 /* UIView.swift in Sources */ = {isa = PBXBuildFile; fileRef = 27ED70692528AB6B009B5243 /* UIView.swift */; };
		27ED70C2252A2D7F009B5243 /* MarvelCollectionView.xib in Resources */ = {isa = PBXBuildFile; fileRef = 27ED70BF252A2CA8009B5243 /* MarvelCollectionView.xib */; };
		27FEB8002527FC320028901F /* UiElements.swift in Sources */ = {isa = PBXBuildFile; fileRef = 27FEB7FF2527FC320028901F /* UiElements.swift */; };
/* End PBXBuildFile section */

/* Begin PBXContainerItemProxy section */
		27ECEF07252276AD000E0767 /* PBXContainerItemProxy */ = {
			isa = PBXContainerItemProxy;
			containerPortal = 27ECEECC25227659000E0767 /* Project object */;
			proxyType = 1;
			remoteGlobalIDString = 27ECEF01252276AD000E0767;
			remoteInfo = Domain;
		};
		27ECEF2525246F5F000E0767 /* PBXContainerItemProxy */ = {
			isa = PBXContainerItemProxy;
			containerPortal = 27ECEECC25227659000E0767 /* Project object */;
			proxyType = 1;
			remoteGlobalIDString = 27ECEF1F25246F5F000E0767;
			remoteInfo = ApiPlatform;
		};
		27ECEF36252470A7000E0767 /* PBXContainerItemProxy */ = {
			isa = PBXContainerItemProxy;
			containerPortal = 27ECEECC25227659000E0767 /* Project object */;
			proxyType = 1;
			remoteGlobalIDString = 27ECEF01252276AD000E0767;
			remoteInfo = Domain;
		};
		27ED70852528CFB4009B5243 /* PBXContainerItemProxy */ = {
			isa = PBXContainerItemProxy;
			containerPortal = 27ECEECC25227659000E0767 /* Project object */;
			proxyType = 1;
			remoteGlobalIDString = 27ECEF1F25246F5F000E0767;
			remoteInfo = ApiPlatform;
		};
		27ED708C2528D6F3009B5243 /* PBXContainerItemProxy */ = {
			isa = PBXContainerItemProxy;
			containerPortal = 27ECEECC25227659000E0767 /* Project object */;
			proxyType = 1;
			remoteGlobalIDString = 27ECEED325227659000E0767;
			remoteInfo = SuperHeroList;
		};
		27ED70AF252A0039009B5243 /* PBXContainerItemProxy */ = {
			isa = PBXContainerItemProxy;
			containerPortal = 27ECEECC25227659000E0767 /* Project object */;
			proxyType = 1;
			remoteGlobalIDString = 27ECEED325227659000E0767;
			remoteInfo = SuperHeroList;
		};
/* End PBXContainerItemProxy section */

/* Begin PBXCopyFilesBuildPhase section */
		27ECEEFC25227682000E0767 /* Embed Frameworks */ = {
			isa = PBXCopyFilesBuildPhase;
			buildActionMask = 2147483647;
			dstPath = "";
			dstSubfolderSpec = 10;
			files = (
				27ECEF2825246F5F000E0767 /* ApiPlatform.framework in Embed Frameworks */,
				27ECEF0A252276AD000E0767 /* Domain.framework in Embed Frameworks */,
			);
			name = "Embed Frameworks";
			runOnlyForDeploymentPostprocessing = 0;
		};
		27ECEF38252470A7000E0767 /* Embed Frameworks */ = {
			isa = PBXCopyFilesBuildPhase;
			buildActionMask = 2147483647;
			dstPath = "";
			dstSubfolderSpec = 10;
			files = (
				27ECEF35252470A7000E0767 /* Domain.framework in Embed Frameworks */,
			);
			name = "Embed Frameworks";
			runOnlyForDeploymentPostprocessing = 0;
		};
/* End PBXCopyFilesBuildPhase section */

/* Begin PBXFileReference section */
		27ECEED425227659000E0767 /* SuperHeroList.app */ = {isa = PBXFileReference; explicitFileType = wrapper.application; includeInIndex = 0; path = SuperHeroList.app; sourceTree = BUILT_PRODUCTS_DIR; };
		27ECEED725227659000E0767 /* AppDelegate.swift */ = {isa = PBXFileReference; lastKnownFileType = sourcecode.swift; path = AppDelegate.swift; sourceTree = "<group>"; };
		27ECEEE02522765B000E0767 /* Assets.xcassets */ = {isa = PBXFileReference; lastKnownFileType = folder.assetcatalog; path = Assets.xcassets; sourceTree = "<group>"; };
		27ECEEE32522765B000E0767 /* Base */ = {isa = PBXFileReference; lastKnownFileType = file.storyboard; name = Base; path = Base.lproj/LaunchScreen.storyboard; sourceTree = "<group>"; };
		27ECEEE52522765B000E0767 /* Info.plist */ = {isa = PBXFileReference; lastKnownFileType = text.plist.xml; path = Info.plist; sourceTree = "<group>"; };
		27ECEF02252276AD000E0767 /* Domain.framework */ = {isa = PBXFileReference; explicitFileType = wrapper.framework; includeInIndex = 0; path = Domain.framework; sourceTree = BUILT_PRODUCTS_DIR; };
		27ECEF04252276AD000E0767 /* Domain.h */ = {isa = PBXFileReference; lastKnownFileType = sourcecode.c.h; path = Domain.h; sourceTree = "<group>"; };
		27ECEF05252276AD000E0767 /* Info.plist */ = {isa = PBXFileReference; lastKnownFileType = text.plist.xml; path = Info.plist; sourceTree = "<group>"; };
		27ECEF0F25228671000E0767 /* Character.swift */ = {isa = PBXFileReference; lastKnownFileType = sourcecode.swift; path = Character.swift; sourceTree = "<group>"; };
		27ECEF11252287CC000E0767 /* Thumbnail.swift */ = {isa = PBXFileReference; lastKnownFileType = sourcecode.swift; path = Thumbnail.swift; sourceTree = "<group>"; };
		27ECEF1425228B8A000E0767 /* ListCharactersUseCase.swift */ = {isa = PBXFileReference; lastKnownFileType = sourcecode.swift; path = ListCharactersUseCase.swift; sourceTree = "<group>"; };
		27ECEF1625228E3A000E0767 /* CharactersResponse.swift */ = {isa = PBXFileReference; lastKnownFileType = sourcecode.swift; path = CharactersResponse.swift; sourceTree = "<group>"; };
		27ECEF2025246F5F000E0767 /* ApiPlatform.framework */ = {isa = PBXFileReference; explicitFileType = wrapper.framework; includeInIndex = 0; path = ApiPlatform.framework; sourceTree = BUILT_PRODUCTS_DIR; };
		27ECEF2225246F5F000E0767 /* ApiPlatform.h */ = {isa = PBXFileReference; lastKnownFileType = sourcecode.c.h; path = ApiPlatform.h; sourceTree = "<group>"; };
		27ECEF2325246F5F000E0767 /* Info.plist */ = {isa = PBXFileReference; lastKnownFileType = text.plist.xml; path = Info.plist; sourceTree = "<group>"; };
		27ECEF2D25246F79000E0767 /* Network.swift */ = {isa = PBXFileReference; lastKnownFileType = sourcecode.swift; path = Network.swift; sourceTree = "<group>"; };
		27ECEF3025246F9E000E0767 /* API.swift */ = {isa = PBXFileReference; lastKnownFileType = sourcecode.swift; path = API.swift; sourceTree = "<group>"; };
		27ECEF322524706A000E0767 /* CharactersUseCase.swift */ = {isa = PBXFileReference; lastKnownFileType = sourcecode.swift; path = CharactersUseCase.swift; sourceTree = "<group>"; };
		27ECEF3A252471E6000E0767 /* MarvelConstants.swift */ = {isa = PBXFileReference; lastKnownFileType = sourcecode.swift; path = MarvelConstants.swift; sourceTree = "<group>"; };
		27ECEF3C2524AB7D000E0767 /* Keys.plist */ = {isa = PBXFileReference; lastKnownFileType = text.plist.xml; path = Keys.plist; sourceTree = "<group>"; };
		27ECEF3E2524AC5A000E0767 /* MarvelRequestInterceptor.swift */ = {isa = PBXFileReference; lastKnownFileType = sourcecode.swift; path = MarvelRequestInterceptor.swift; sourceTree = "<group>"; };
		27ECEF412524B6F3000E0767 /* MarvelSession.swift */ = {isa = PBXFileReference; lastKnownFileType = sourcecode.swift; path = MarvelSession.swift; sourceTree = "<group>"; };
		27ECEF46252530E0000E0767 /* ViewModelType.swift */ = {isa = PBXFileReference; lastKnownFileType = sourcecode.swift; path = ViewModelType.swift; sourceTree = "<group>"; };
		27ECEF4825253132000E0767 /* CharactersListViewModel.swift */ = {isa = PBXFileReference; lastKnownFileType = sourcecode.swift; path = CharactersListViewModel.swift; sourceTree = "<group>"; };
		27ECEF4C252539B3000E0767 /* Coordinator.swift */ = {isa = PBXFileReference; lastKnownFileType = sourcecode.swift; path = Coordinator.swift; sourceTree = "<group>"; };
		27ECEF5225265827000E0767 /* UIViewController.swift */ = {isa = PBXFileReference; lastKnownFileType = sourcecode.swift; path = UIViewController.swift; sourceTree = "<group>"; };
		27ECEF5425265D79000E0767 /* CharactersListCoordinator.swift */ = {isa = PBXFileReference; lastKnownFileType = sourcecode.swift; path = CharactersListCoordinator.swift; sourceTree = "<group>"; };
		27ECEF5625265ECB000E0767 /* CharactersListViewController.swift */ = {isa = PBXFileReference; lastKnownFileType = sourcecode.swift; path = CharactersListViewController.swift; sourceTree = "<group>"; };
		27ECEF5725265ECB000E0767 /* CharactersListViewController.xib */ = {isa = PBXFileReference; lastKnownFileType = file.xib; path = CharactersListViewController.xib; sourceTree = "<group>"; };
		27ECEF6225268BA2000E0767 /* UITableViewCell.swift */ = {isa = PBXFileReference; lastKnownFileType = sourcecode.swift; path = UITableViewCell.swift; sourceTree = "<group>"; };
		27ECEF6625268DFC000E0767 /* CharacterTableViewCell.swift */ = {isa = PBXFileReference; lastKnownFileType = sourcecode.swift; path = CharacterTableViewCell.swift; sourceTree = "<group>"; };
		27ECEF6725268DFC000E0767 /* CharacterTableViewCell.xib */ = {isa = PBXFileReference; lastKnownFileType = file.xib; path = CharacterTableViewCell.xib; sourceTree = "<group>"; };
		27ECEF6B25279D48000E0767 /* MarvelActivityIndicator.swift */ = {isa = PBXFileReference; lastKnownFileType = sourcecode.swift; path = MarvelActivityIndicator.swift; sourceTree = "<group>"; };
		27ECEF702527A53E000E0767 /* DetailedCharacterViewController.swift */ = {isa = PBXFileReference; lastKnownFileType = sourcecode.swift; path = DetailedCharacterViewController.swift; sourceTree = "<group>"; };
		27ECEF712527A53E000E0767 /* DetailedCharacterViewController.xib */ = {isa = PBXFileReference; lastKnownFileType = file.xib; path = DetailedCharacterViewController.xib; sourceTree = "<group>"; };
		27ECEF742527AF5B000E0767 /* DetailedCharacterUseCase.swift */ = {isa = PBXFileReference; lastKnownFileType = sourcecode.swift; path = DetailedCharacterUseCase.swift; sourceTree = "<group>"; };
		27ECEF782527B25A000E0767 /* Comic.swift */ = {isa = PBXFileReference; lastKnownFileType = sourcecode.swift; path = Comic.swift; sourceTree = "<group>"; };
		27ECEF7A2527B264000E0767 /* ComicsResponse.swift */ = {isa = PBXFileReference; lastKnownFileType = sourcecode.swift; path = ComicsResponse.swift; sourceTree = "<group>"; };
		27ECEF7D2527B279000E0767 /* Serie.swift */ = {isa = PBXFileReference; lastKnownFileType = sourcecode.swift; path = Serie.swift; sourceTree = "<group>"; };
		27ECEF7F2527B281000E0767 /* SeriesResponse.swift */ = {isa = PBXFileReference; lastKnownFileType = sourcecode.swift; path = SeriesResponse.swift; sourceTree = "<group>"; };
		27ECEF822527B298000E0767 /* Story.swift */ = {isa = PBXFileReference; lastKnownFileType = sourcecode.swift; path = Story.swift; sourceTree = "<group>"; };
		27ECEF842527B29F000E0767 /* StoriesResponse.swift */ = {isa = PBXFileReference; lastKnownFileType = sourcecode.swift; path = StoriesResponse.swift; sourceTree = "<group>"; };
		27ECEF872527B2C5000E0767 /* Event.swift */ = {isa = PBXFileReference; lastKnownFileType = sourcecode.swift; path = Event.swift; sourceTree = "<group>"; };
		27ECEF892527B2D1000E0767 /* EventsResponse.swift */ = {isa = PBXFileReference; lastKnownFileType = sourcecode.swift; path = EventsResponse.swift; sourceTree = "<group>"; };
		27ECEF8B2527B7CA000E0767 /* CharacterUseCase.swift */ = {isa = PBXFileReference; lastKnownFileType = sourcecode.swift; path = CharacterUseCase.swift; sourceTree = "<group>"; };
		27ECEF8E2527B9FF000E0767 /* ParamsBuilder.swift */ = {isa = PBXFileReference; lastKnownFileType = sourcecode.swift; path = ParamsBuilder.swift; sourceTree = "<group>"; };
		27ECEF912527C038000E0767 /* DetailedCharacterViewModel.swift */ = {isa = PBXFileReference; lastKnownFileType = sourcecode.swift; path = DetailedCharacterViewModel.swift; sourceTree = "<group>"; };
		27ECEF942527CAC7000E0767 /* DetailedCharacterCollectionViewCell.swift */ = {isa = PBXFileReference; lastKnownFileType = sourcecode.swift; path = DetailedCharacterCollectionViewCell.swift; sourceTree = "<group>"; };
		27ECEF952527CAC7000E0767 /* DetailedCharacterCollectionViewCell.xib */ = {isa = PBXFileReference; lastKnownFileType = file.xib; path = DetailedCharacterCollectionViewCell.xib; sourceTree = "<group>"; };
		27ECEF982527CB9A000E0767 /* UICollectionViewCell.swift */ = {isa = PBXFileReference; lastKnownFileType = sourcecode.swift; path = UICollectionViewCell.swift; sourceTree = "<group>"; };
		27ECEF9A2527E1E7000E0767 /* MarvelCollectionView.swift */ = {isa = PBXFileReference; lastKnownFileType = sourcecode.swift; path = MarvelCollectionView.swift; sourceTree = "<group>"; };
		27ED70692528AB6B009B5243 /* UIView.swift */ = {isa = PBXFileReference; lastKnownFileType = sourcecode.swift; path = UIView.swift; sourceTree = "<group>"; };
		27ED706B2528C495009B5243 /* NoDataHandler.swift */ = {isa = PBXFileReference; lastKnownFileType = sourcecode.swift; path = NoDataHandler.swift; sourceTree = "<group>"; };
		27ED707F2528CFB4009B5243 /* ApiPlatformTests.xctest */ = {isa = PBXFileReference; explicitFileType = wrapper.cfbundle; includeInIndex = 0; path = ApiPlatformTests.xctest; sourceTree = BUILT_PRODUCTS_DIR; };
		27ED70832528CFB4009B5243 /* Info.plist */ = {isa = PBXFileReference; lastKnownFileType = text.plist.xml; path = Info.plist; sourceTree = "<group>"; };
		27ED708A2528CFD6009B5243 /* ParamsBuilderTest.swift */ = {isa = PBXFileReference; lastKnownFileType = sourcecode.swift; path = ParamsBuilderTest.swift; sourceTree = "<group>"; };
		27ED708E2529F289009B5243 /* ChacheHandler.swift */ = {isa = PBXFileReference; lastKnownFileType = sourcecode.swift; path = ChacheHandler.swift; sourceTree = "<group>"; };
		27ED70902529F6D0009B5243 /* CacheHandlerTest.swift */ = {isa = PBXFileReference; lastKnownFileType = sourcecode.swift; path = CacheHandlerTest.swift; sourceTree = "<group>"; };
		27ED70AA252A0039009B5243 /* SuperHeroListTests.xctest */ = {isa = PBXFileReference; explicitFileType = wrapper.cfbundle; includeInIndex = 0; path = SuperHeroListTests.xctest; sourceTree = BUILT_PRODUCTS_DIR; };
		27ED70B5252A008E009B5243 /* MarvelActivityIndicatorTest.swift */ = {isa = PBXFileReference; lastKnownFileType = sourcecode.swift; path = MarvelActivityIndicatorTest.swift; sourceTree = "<group>"; };
		27ED70B8252A11E7009B5243 /* NoDataFoundTest.swift */ = {isa = PBXFileReference; lastKnownFileType = sourcecode.swift; path = NoDataFoundTest.swift; sourceTree = "<group>"; };
		27ED70BC252A2771009B5243 /* MarvelCollectionViewTest.swift */ = {isa = PBXFileReference; lastKnownFileType = sourcecode.swift; path = MarvelCollectionViewTest.swift; sourceTree = "<group>"; };
		27ED70BF252A2CA8009B5243 /* MarvelCollectionView.xib */ = {isa = PBXFileReference; lastKnownFileType = file.xib; path = MarvelCollectionView.xib; sourceTree = "<group>"; };
		27FEB7FF2527FC320028901F /* UiElements.swift */ = {isa = PBXFileReference; lastKnownFileType = sourcecode.swift; path = UiElements.swift; sourceTree = "<group>"; };
/* End PBXFileReference section */

/* Begin PBXFrameworksBuildPhase section */
		27ECEED125227659000E0767 /* Frameworks */ = {
			isa = PBXFrameworksBuildPhase;
			buildActionMask = 2147483647;
			files = (
				27ECEF09252276AD000E0767 /* Domain.framework in Frameworks */,
				27ECEF2725246F5F000E0767 /* ApiPlatform.framework in Frameworks */,
			);
			runOnlyForDeploymentPostprocessing = 0;
		};
		27ECEEFF252276AD000E0767 /* Frameworks */ = {
			isa = PBXFrameworksBuildPhase;
			buildActionMask = 2147483647;
			files = (
			);
			runOnlyForDeploymentPostprocessing = 0;
		};
		27ECEF1D25246F5F000E0767 /* Frameworks */ = {
			isa = PBXFrameworksBuildPhase;
			buildActionMask = 2147483647;
			files = (
				27ECEF34252470A7000E0767 /* Domain.framework in Frameworks */,
			);
			runOnlyForDeploymentPostprocessing = 0;
		};
		27ED707C2528CFB4009B5243 /* Frameworks */ = {
			isa = PBXFrameworksBuildPhase;
			buildActionMask = 2147483647;
			files = (
				27ED70842528CFB4009B5243 /* ApiPlatform.framework in Frameworks */,
			);
			runOnlyForDeploymentPostprocessing = 0;
		};
		27ED70A7252A0038009B5243 /* Frameworks */ = {
			isa = PBXFrameworksBuildPhase;
			buildActionMask = 2147483647;
			files = (
			);
			runOnlyForDeploymentPostprocessing = 0;
		};
/* End PBXFrameworksBuildPhase section */

/* Begin PBXGroup section */
		0A2CECDBFFA2191514CE5EAB /* Pods */ = {
			isa = PBXGroup;
			children = (
			);
			path = Pods;
			sourceTree = "<group>";
		};
		27ECEECB25227659000E0767 = {
			isa = PBXGroup;
			children = (
				27ECEED625227659000E0767 /* SuperHeroList */,
				27ECEF03252276AD000E0767 /* Domain */,
				27ECEF2125246F5F000E0767 /* ApiPlatform */,
				27ED70802528CFB4009B5243 /* ApiPlatformTests */,
				27ED70AB252A0039009B5243 /* SuperHeroListTests */,
				27ECEED525227659000E0767 /* Products */,
				0A2CECDBFFA2191514CE5EAB /* Pods */,
			);
			sourceTree = "<group>";
		};
		27ECEED525227659000E0767 /* Products */ = {
			isa = PBXGroup;
			children = (
				27ECEED425227659000E0767 /* SuperHeroList.app */,
				27ECEF02252276AD000E0767 /* Domain.framework */,
				27ECEF2025246F5F000E0767 /* ApiPlatform.framework */,
				27ED707F2528CFB4009B5243 /* ApiPlatformTests.xctest */,
				27ED70AA252A0039009B5243 /* SuperHeroListTests.xctest */,
			);
			name = Products;
			sourceTree = "<group>";
		};
		27ECEED625227659000E0767 /* SuperHeroList */ = {
			isa = PBXGroup;
			children = (
				27ECEF50252657E4000E0767 /* Utilities */,
				27ECEF4B25253992000E0767 /* Coordinators */,
				27ECEF45252530CE000E0767 /* Common */,
				27ECEF432525305E000E0767 /* Scenes */,
				27ECEEE02522765B000E0767 /* Assets.xcassets */,
				27ECEED725227659000E0767 /* AppDelegate.swift */,
				27ECEEE22522765B000E0767 /* LaunchScreen.storyboard */,
				27ECEEE52522765B000E0767 /* Info.plist */,
			);
			path = SuperHeroList;
			sourceTree = "<group>";
		};
		27ECEF03252276AD000E0767 /* Domain */ = {
			isa = PBXGroup;
			children = (
				27ECEF1325228B17000E0767 /* UseCases */,
				27ECEF0E25228660000E0767 /* Entries */,
				27ECEF04252276AD000E0767 /* Domain.h */,
				27ECEF05252276AD000E0767 /* Info.plist */,
			);
			path = Domain;
			sourceTree = "<group>";
		};
		27ECEF0E25228660000E0767 /* Entries */ = {
			isa = PBXGroup;
			children = (
				27ECEF762527B229000E0767 /* Characters */,
				27ECEF772527B237000E0767 /* Comics */,
				27ECEF7C2527B26A000E0767 /* Series */,
				27ECEF812527B28A000E0767 /* Stories */,
				27ECEF862527B2B9000E0767 /* Events */,
				27ECEF11252287CC000E0767 /* Thumbnail.swift */,
			);
			path = Entries;
			sourceTree = "<group>";
		};
		27ECEF1325228B17000E0767 /* UseCases */ = {
			isa = PBXGroup;
			children = (
				27ECEF1425228B8A000E0767 /* ListCharactersUseCase.swift */,
				27ECEF742527AF5B000E0767 /* DetailedCharacterUseCase.swift */,
			);
			path = UseCases;
			sourceTree = "<group>";
		};
		27ECEF2125246F5F000E0767 /* ApiPlatform */ = {
			isa = PBXGroup;
			children = (
				27ECEF8D2527B9F0000E0767 /* Utils */,
				27ECEF39252471D1000E0767 /* Constants */,
				27ECEF2F25246F8F000E0767 /* API */,
				27ECEF2C25246F6B000E0767 /* Network */,
				27ECEF2225246F5F000E0767 /* ApiPlatform.h */,
				27ECEF2325246F5F000E0767 /* Info.plist */,
				27ECEF3C2524AB7D000E0767 /* Keys.plist */,
			);
			path = ApiPlatform;
			sourceTree = "<group>";
		};
		27ECEF2C25246F6B000E0767 /* Network */ = {
			isa = PBXGroup;
			children = (
				27ECEF402524B6DD000E0767 /* MarvelSession */,
				27ECEF2D25246F79000E0767 /* Network.swift */,
			);
			path = Network;
			sourceTree = "<group>";
		};
		27ECEF2F25246F8F000E0767 /* API */ = {
			isa = PBXGroup;
			children = (
				27ECEF3025246F9E000E0767 /* API.swift */,
				27ECEF322524706A000E0767 /* CharactersUseCase.swift */,
				27ECEF8B2527B7CA000E0767 /* CharacterUseCase.swift */,
			);
			path = API;
			sourceTree = "<group>";
		};
		27ECEF39252471D1000E0767 /* Constants */ = {
			isa = PBXGroup;
			children = (
				27ECEF3A252471E6000E0767 /* MarvelConstants.swift */,
			);
			path = Constants;
			sourceTree = "<group>";
		};
		27ECEF402524B6DD000E0767 /* MarvelSession */ = {
			isa = PBXGroup;
			children = (
				27ECEF3E2524AC5A000E0767 /* MarvelRequestInterceptor.swift */,
				27ECEF412524B6F3000E0767 /* MarvelSession.swift */,
			);
			path = MarvelSession;
			sourceTree = "<group>";
		};
		27ECEF432525305E000E0767 /* Scenes */ = {
			isa = PBXGroup;
			children = (
				27ECEF6F2527A456000E0767 /* DetailedCharacter */,
				27ECEF442525307D000E0767 /* CharactersList */,
			);
			path = Scenes;
			sourceTree = "<group>";
		};
		27ECEF442525307D000E0767 /* CharactersList */ = {
			isa = PBXGroup;
			children = (
				27ECEF5B252686D4000E0767 /* Character Cell */,
				27ECEF4825253132000E0767 /* CharactersListViewModel.swift */,
				27ECEF5425265D79000E0767 /* CharactersListCoordinator.swift */,
				27ECEF5625265ECB000E0767 /* CharactersListViewController.swift */,
				27ECEF5725265ECB000E0767 /* CharactersListViewController.xib */,
			);
			path = CharactersList;
			sourceTree = "<group>";
		};
		27ECEF45252530CE000E0767 /* Common */ = {
			isa = PBXGroup;
			children = (
				27ECEF46252530E0000E0767 /* ViewModelType.swift */,
			);
			path = Common;
			sourceTree = "<group>";
		};
		27ECEF4B25253992000E0767 /* Coordinators */ = {
			isa = PBXGroup;
			children = (
				27ECEF4C252539B3000E0767 /* Coordinator.swift */,
			);
			path = Coordinators;
			sourceTree = "<group>";
		};
		27ECEF50252657E4000E0767 /* Utilities */ = {
			isa = PBXGroup;
			children = (
				27FEB7FF2527FC320028901F /* UiElements.swift */,
				27ECEF5C25268A72000E0767 /* Elements */,
				27ECEF51252657F4000E0767 /* Extensions */,
			);
			path = Utilities;
			sourceTree = "<group>";
		};
		27ECEF51252657F4000E0767 /* Extensions */ = {
			isa = PBXGroup;
			children = (
				27ECEF5225265827000E0767 /* UIViewController.swift */,
				27ECEF6225268BA2000E0767 /* UITableViewCell.swift */,
				27ECEF982527CB9A000E0767 /* UICollectionViewCell.swift */,
				27ED70692528AB6B009B5243 /* UIView.swift */,
			);
			path = Extensions;
			sourceTree = "<group>";
		};
		27ECEF5B252686D4000E0767 /* Character Cell */ = {
			isa = PBXGroup;
			children = (
				27ECEF6625268DFC000E0767 /* CharacterTableViewCell.swift */,
				27ECEF6725268DFC000E0767 /* CharacterTableViewCell.xib */,
			);
			path = "Character Cell";
			sourceTree = "<group>";
		};
		27ECEF5C25268A72000E0767 /* Elements */ = {
			isa = PBXGroup;
			children = (
				27ED70BE252A2C8C009B5243 /* MarvelCollectionView */,
				27ECEF6B25279D48000E0767 /* MarvelActivityIndicator.swift */,
				27ED706B2528C495009B5243 /* NoDataHandler.swift */,
			);
			path = Elements;
			sourceTree = "<group>";
		};
		27ECEF6F2527A456000E0767 /* DetailedCharacter */ = {
			isa = PBXGroup;
			children = (
				27ECEF932527CA50000E0767 /* DetailedCharacterCollectionViewCell */,
				27ECEF702527A53E000E0767 /* DetailedCharacterViewController.swift */,
				27ECEF712527A53E000E0767 /* DetailedCharacterViewController.xib */,
				27ECEF912527C038000E0767 /* DetailedCharacterViewModel.swift */,
			);
			path = DetailedCharacter;
			sourceTree = "<group>";
		};
		27ECEF762527B229000E0767 /* Characters */ = {
			isa = PBXGroup;
			children = (
				27ECEF0F25228671000E0767 /* Character.swift */,
				27ECEF1625228E3A000E0767 /* CharactersResponse.swift */,
			);
			path = Characters;
			sourceTree = "<group>";
		};
		27ECEF772527B237000E0767 /* Comics */ = {
			isa = PBXGroup;
			children = (
				27ECEF782527B25A000E0767 /* Comic.swift */,
				27ECEF7A2527B264000E0767 /* ComicsResponse.swift */,
			);
			path = Comics;
			sourceTree = "<group>";
		};
		27ECEF7C2527B26A000E0767 /* Series */ = {
			isa = PBXGroup;
			children = (
				27ECEF7D2527B279000E0767 /* Serie.swift */,
				27ECEF7F2527B281000E0767 /* SeriesResponse.swift */,
			);
			path = Series;
			sourceTree = "<group>";
		};
		27ECEF812527B28A000E0767 /* Stories */ = {
			isa = PBXGroup;
			children = (
				27ECEF822527B298000E0767 /* Story.swift */,
				27ECEF842527B29F000E0767 /* StoriesResponse.swift */,
			);
			path = Stories;
			sourceTree = "<group>";
		};
		27ECEF862527B2B9000E0767 /* Events */ = {
			isa = PBXGroup;
			children = (
				27ECEF872527B2C5000E0767 /* Event.swift */,
				27ECEF892527B2D1000E0767 /* EventsResponse.swift */,
			);
			path = Events;
			sourceTree = "<group>";
		};
		27ECEF8D2527B9F0000E0767 /* Utils */ = {
			isa = PBXGroup;
			children = (
				27ECEF8E2527B9FF000E0767 /* ParamsBuilder.swift */,
				27ED708E2529F289009B5243 /* ChacheHandler.swift */,
			);
			path = Utils;
			sourceTree = "<group>";
		};
		27ECEF932527CA50000E0767 /* DetailedCharacterCollectionViewCell */ = {
			isa = PBXGroup;
			children = (
				27ECEF942527CAC7000E0767 /* DetailedCharacterCollectionViewCell.swift */,
				27ECEF952527CAC7000E0767 /* DetailedCharacterCollectionViewCell.xib */,
			);
			path = DetailedCharacterCollectionViewCell;
			sourceTree = "<group>";
		};
		27ED70802528CFB4009B5243 /* ApiPlatformTests */ = {
			isa = PBXGroup;
			children = (
				27ED70832528CFB4009B5243 /* Info.plist */,
				27ED708A2528CFD6009B5243 /* ParamsBuilderTest.swift */,
				27ED70902529F6D0009B5243 /* CacheHandlerTest.swift */,
			);
			path = ApiPlatformTests;
			sourceTree = "<group>";
		};
		27ED70AB252A0039009B5243 /* SuperHeroListTests */ = {
			isa = PBXGroup;
			children = (
				27ED70B5252A008E009B5243 /* MarvelActivityIndicatorTest.swift */,
				27ED70B8252A11E7009B5243 /* NoDataFoundTest.swift */,
				27ED70BC252A2771009B5243 /* MarvelCollectionViewTest.swift */,
			);
			path = SuperHeroListTests;
			sourceTree = "<group>";
		};
		27ED70BE252A2C8C009B5243 /* MarvelCollectionView */ = {
			isa = PBXGroup;
			children = (
				27ECEF9A2527E1E7000E0767 /* MarvelCollectionView.swift */,
				27ED70BF252A2CA8009B5243 /* MarvelCollectionView.xib */,
			);
			path = MarvelCollectionView;
			sourceTree = "<group>";
		};
/* End PBXGroup section */

/* Begin PBXHeadersBuildPhase section */
		27ECEEFD252276AD000E0767 /* Headers */ = {
			isa = PBXHeadersBuildPhase;
			buildActionMask = 2147483647;
			files = (
				27ECEF06252276AD000E0767 /* Domain.h in Headers */,
			);
			runOnlyForDeploymentPostprocessing = 0;
		};
		27ECEF1B25246F5F000E0767 /* Headers */ = {
			isa = PBXHeadersBuildPhase;
			buildActionMask = 2147483647;
			files = (
				27ECEF2425246F5F000E0767 /* ApiPlatform.h in Headers */,
			);
			runOnlyForDeploymentPostprocessing = 0;
		};
/* End PBXHeadersBuildPhase section */

/* Begin PBXNativeTarget section */
		27ECEED325227659000E0767 /* SuperHeroList */ = {
			isa = PBXNativeTarget;
			buildConfigurationList = 27ECEEE82522765B000E0767 /* Build configuration list for PBXNativeTarget "SuperHeroList" */;
			buildPhases = (
				27ECEED025227659000E0767 /* Sources */,
				27ECEED125227659000E0767 /* Frameworks */,
				27ECEED225227659000E0767 /* Resources */,
				27ECEEFC25227682000E0767 /* Embed Frameworks */,
			);
			buildRules = (
			);
			dependencies = (
				27ECEF08252276AD000E0767 /* PBXTargetDependency */,
				27ECEF2625246F5F000E0767 /* PBXTargetDependency */,
			);
			name = SuperHeroList;
			productName = SuperHeroList;
			productReference = 27ECEED425227659000E0767 /* SuperHeroList.app */;
			productType = "com.apple.product-type.application";
		};
		27ECEF01252276AD000E0767 /* Domain */ = {
			isa = PBXNativeTarget;
			buildConfigurationList = 27ECEF0B252276AD000E0767 /* Build configuration list for PBXNativeTarget "Domain" */;
			buildPhases = (
				27ECEEFD252276AD000E0767 /* Headers */,
				27ECEEFE252276AD000E0767 /* Sources */,
				27ECEEFF252276AD000E0767 /* Frameworks */,
				27ECEF00252276AD000E0767 /* Resources */,
			);
			buildRules = (
			);
			dependencies = (
			);
			name = Domain;
			productName = Domain;
			productReference = 27ECEF02252276AD000E0767 /* Domain.framework */;
			productType = "com.apple.product-type.framework";
		};
		27ECEF1F25246F5F000E0767 /* ApiPlatform */ = {
			isa = PBXNativeTarget;
			buildConfigurationList = 27ECEF2925246F5F000E0767 /* Build configuration list for PBXNativeTarget "ApiPlatform" */;
			buildPhases = (
				27ECEF1B25246F5F000E0767 /* Headers */,
				27ECEF1C25246F5F000E0767 /* Sources */,
				27ECEF1D25246F5F000E0767 /* Frameworks */,
				27ECEF1E25246F5F000E0767 /* Resources */,
				27ECEF38252470A7000E0767 /* Embed Frameworks */,
			);
			buildRules = (
			);
			dependencies = (
				27ECEF37252470A7000E0767 /* PBXTargetDependency */,
			);
			name = ApiPlatform;
			productName = ApiPlatform;
			productReference = 27ECEF2025246F5F000E0767 /* ApiPlatform.framework */;
			productType = "com.apple.product-type.framework";
		};
		27ED707E2528CFB4009B5243 /* ApiPlatformTests */ = {
			isa = PBXNativeTarget;
			buildConfigurationList = 27ED70872528CFB4009B5243 /* Build configuration list for PBXNativeTarget "ApiPlatformTests" */;
			buildPhases = (
				27ED707B2528CFB4009B5243 /* Sources */,
				27ED707C2528CFB4009B5243 /* Frameworks */,
				27ED707D2528CFB4009B5243 /* Resources */,
			);
			buildRules = (
			);
			dependencies = (
				27ED70862528CFB4009B5243 /* PBXTargetDependency */,
				27ED708D2528D6F3009B5243 /* PBXTargetDependency */,
			);
			name = ApiPlatformTests;
			productName = ApiPlatformTests;
			productReference = 27ED707F2528CFB4009B5243 /* ApiPlatformTests.xctest */;
			productType = "com.apple.product-type.bundle.unit-test";
		};
		27ED70A9252A0038009B5243 /* SuperHeroListTests */ = {
			isa = PBXNativeTarget;
			buildConfigurationList = 27ED70B1252A0039009B5243 /* Build configuration list for PBXNativeTarget "SuperHeroListTests" */;
			buildPhases = (
				27ED70A6252A0038009B5243 /* Sources */,
				27ED70A7252A0038009B5243 /* Frameworks */,
				27ED70A8252A0038009B5243 /* Resources */,
			);
			buildRules = (
			);
			dependencies = (
				27ED70B0252A0039009B5243 /* PBXTargetDependency */,
			);
			name = SuperHeroListTests;
			productName = SuperHeroListTests;
			productReference = 27ED70AA252A0039009B5243 /* SuperHeroListTests.xctest */;
			productType = "com.apple.product-type.bundle.unit-test";
		};
/* End PBXNativeTarget section */

/* Begin PBXProject section */
		27ECEECC25227659000E0767 /* Project object */ = {
			isa = PBXProject;
			attributes = {
				LastSwiftUpdateCheck = 1160;
				LastUpgradeCheck = 1160;
				ORGANIZATIONNAME = "Tiago Pereira";
				TargetAttributes = {
					27ECEED325227659000E0767 = {
						CreatedOnToolsVersion = 11.6;
					};
					27ECEF01252276AD000E0767 = {
						CreatedOnToolsVersion = 11.6;
						LastSwiftMigration = 1160;
					};
					27ECEF1F25246F5F000E0767 = {
						CreatedOnToolsVersion = 11.6;
						LastSwiftMigration = 1160;
					};
					27ED707E2528CFB4009B5243 = {
						CreatedOnToolsVersion = 11.6;
					};
					27ED70A9252A0038009B5243 = {
						CreatedOnToolsVersion = 11.6;
					};
				};
			};
			buildConfigurationList = 27ECEECF25227659000E0767 /* Build configuration list for PBXProject "SuperHeroList" */;
			compatibilityVersion = "Xcode 9.3";
			developmentRegion = en;
			hasScannedForEncodings = 0;
			knownRegions = (
				en,
				Base,
			);
			mainGroup = 27ECEECB25227659000E0767;
			productRefGroup = 27ECEED525227659000E0767 /* Products */;
			projectDirPath = "";
			projectRoot = "";
			targets = (
				27ECEED325227659000E0767 /* SuperHeroList */,
				27ECEF01252276AD000E0767 /* Domain */,
				27ECEF1F25246F5F000E0767 /* ApiPlatform */,
				27ED707E2528CFB4009B5243 /* ApiPlatformTests */,
				27ED70A9252A0038009B5243 /* SuperHeroListTests */,
			);
		};
/* End PBXProject section */

/* Begin PBXResourcesBuildPhase section */
		27ECEED225227659000E0767 /* Resources */ = {
			isa = PBXResourcesBuildPhase;
			buildActionMask = 2147483647;
			files = (
				27ECEF5925265ECB000E0767 /* CharactersListViewController.xib in Resources */,
				27ECEEE42522765B000E0767 /* LaunchScreen.storyboard in Resources */,
				27ECEF732527A53E000E0767 /* DetailedCharacterViewController.xib in Resources */,
				27ED70C0252A2CA8009B5243 /* MarvelCollectionView.xib in Resources */,
				27ECEF6925268DFC000E0767 /* CharacterTableViewCell.xib in Resources */,
				27ECEF972527CAC7000E0767 /* DetailedCharacterCollectionViewCell.xib in Resources */,
				27ECEEE12522765B000E0767 /* Assets.xcassets in Resources */,
			);
			runOnlyForDeploymentPostprocessing = 0;
		};
		27ECEF00252276AD000E0767 /* Resources */ = {
			isa = PBXResourcesBuildPhase;
			buildActionMask = 2147483647;
			files = (
			);
			runOnlyForDeploymentPostprocessing = 0;
		};
		27ECEF1E25246F5F000E0767 /* Resources */ = {
			isa = PBXResourcesBuildPhase;
			buildActionMask = 2147483647;
			files = (
				27ECEF3D2524AB7D000E0767 /* Keys.plist in Resources */,
			);
			runOnlyForDeploymentPostprocessing = 0;
		};
		27ED707D2528CFB4009B5243 /* Resources */ = {
			isa = PBXResourcesBuildPhase;
			buildActionMask = 2147483647;
			files = (
			);
			runOnlyForDeploymentPostprocessing = 0;
		};
		27ED70A8252A0038009B5243 /* Resources */ = {
			isa = PBXResourcesBuildPhase;
			buildActionMask = 2147483647;
			files = (
				27ED70C2252A2D7F009B5243 /* MarvelCollectionView.xib in Resources */,
			);
			runOnlyForDeploymentPostprocessing = 0;
		};
/* End PBXResourcesBuildPhase section */

/* Begin PBXSourcesBuildPhase section */
		27ECEED025227659000E0767 /* Sources */ = {
			isa = PBXSourcesBuildPhase;
			buildActionMask = 2147483647;
			files = (
				27ECEF6325268BA2000E0767 /* UITableViewCell.swift in Sources */,
				27ECEF962527CAC7000E0767 /* DetailedCharacterCollectionViewCell.swift in Sources */,
				27ED706C2528C495009B5243 /* NoDataHandler.swift in Sources */,
				27ECEF5825265ECB000E0767 /* CharactersListViewController.swift in Sources */,
				27ECEF47252530E0000E0767 /* ViewModelType.swift in Sources */,
				27ECEF6C25279D48000E0767 /* MarvelActivityIndicator.swift in Sources */,
				27ECEF922527C038000E0767 /* DetailedCharacterViewModel.swift in Sources */,
				27FEB8002527FC320028901F /* UiElements.swift in Sources */,
				27ECEF9B2527E1E7000E0767 /* MarvelCollectionView.swift in Sources */,
				27ECEF4D252539B3000E0767 /* Coordinator.swift in Sources */,
				27ECEED825227659000E0767 /* AppDelegate.swift in Sources */,
				27ECEF992527CB9A000E0767 /* UICollectionViewCell.swift in Sources */,
				27ECEF722527A53E000E0767 /* DetailedCharacterViewController.swift in Sources */,
				27ECEF5325265827000E0767 /* UIViewController.swift in Sources */,
				27ECEF5525265D79000E0767 /* CharactersListCoordinator.swift in Sources */,
				27ECEF6825268DFC000E0767 /* CharacterTableViewCell.swift in Sources */,
				27ED706A2528AB6B009B5243 /* UIView.swift in Sources */,
				27ECEF4925253132000E0767 /* CharactersListViewModel.swift in Sources */,
			);
			runOnlyForDeploymentPostprocessing = 0;
		};
		27ECEEFE252276AD000E0767 /* Sources */ = {
			isa = PBXSourcesBuildPhase;
			buildActionMask = 2147483647;
			files = (
				27ECEF852527B29F000E0767 /* StoriesResponse.swift in Sources */,
				27ECEF1725228E3A000E0767 /* CharactersResponse.swift in Sources */,
				27ECEF792527B25A000E0767 /* Comic.swift in Sources */,
				27ECEF12252287CC000E0767 /* Thumbnail.swift in Sources */,
				27ECEF882527B2C5000E0767 /* Event.swift in Sources */,
				27ECEF1525228B8A000E0767 /* ListCharactersUseCase.swift in Sources */,
				27ECEF802527B281000E0767 /* SeriesResponse.swift in Sources */,
				27ECEF7B2527B264000E0767 /* ComicsResponse.swift in Sources */,
				27ECEF1025228671000E0767 /* Character.swift in Sources */,
				27ECEF8A2527B2D1000E0767 /* EventsResponse.swift in Sources */,
				27ECEF7E2527B279000E0767 /* Serie.swift in Sources */,
				27ECEF752527AF5B000E0767 /* DetailedCharacterUseCase.swift in Sources */,
				27ECEF832527B298000E0767 /* Story.swift in Sources */,
			);
			runOnlyForDeploymentPostprocessing = 0;
		};
		27ECEF1C25246F5F000E0767 /* Sources */ = {
			isa = PBXSourcesBuildPhase;
			buildActionMask = 2147483647;
			files = (
				27ECEF3F2524AC5A000E0767 /* MarvelRequestInterceptor.swift in Sources */,
				27ECEF8F2527B9FF000E0767 /* ParamsBuilder.swift in Sources */,
				27ED708F2529F289009B5243 /* ChacheHandler.swift in Sources */,
				27ECEF332524706A000E0767 /* CharactersUseCase.swift in Sources */,
				27ECEF3125246F9E000E0767 /* API.swift in Sources */,
				27ECEF422524B6F3000E0767 /* MarvelSession.swift in Sources */,
				27ECEF2E25246F79000E0767 /* Network.swift in Sources */,
				27ECEF8C2527B7CA000E0767 /* CharacterUseCase.swift in Sources */,
				27ECEF3B252471E6000E0767 /* MarvelConstants.swift in Sources */,
			);
			runOnlyForDeploymentPostprocessing = 0;
		};
		27ED707B2528CFB4009B5243 /* Sources */ = {
			isa = PBXSourcesBuildPhase;
			buildActionMask = 2147483647;
			files = (
				27ED70932529FBCA009B5243 /* ChacheHandler.swift in Sources */,
				27ED708B2528CFD6009B5243 /* ParamsBuilderTest.swift in Sources */,
				27ED70912529F6D0009B5243 /* CacheHandlerTest.swift in Sources */,
				27ED70922529FBC4009B5243 /* ParamsBuilder.swift in Sources */,
			);
			runOnlyForDeploymentPostprocessing = 0;
		};
		27ED70A6252A0038009B5243 /* Sources */ = {
			isa = PBXSourcesBuildPhase;
			buildActionMask = 2147483647;
			files = (
				27ED70C1252A2CC8009B5243 /* UIView.swift in Sources */,
				27ED70B4252A0071009B5243 /* MarvelActivityIndicator.swift in Sources */,
				27ED70B7252A024C009B5243 /* UiElements.swift in Sources */,
				27ED70BD252A2771009B5243 /* MarvelCollectionViewTest.swift in Sources */,
				27ED70B6252A008E009B5243 /* MarvelActivityIndicatorTest.swift in Sources */,
				27ED70BB252A1D3A009B5243 /* MarvelCollectionView.swift in Sources */,
				27ED70BA252A11EB009B5243 /* NoDataHandler.swift in Sources */,
				27ED70B9252A11E7009B5243 /* NoDataFoundTest.swift in Sources */,
			);
			runOnlyForDeploymentPostprocessing = 0;
		};
/* End PBXSourcesBuildPhase section */

/* Begin PBXTargetDependency section */
		27ECEF08252276AD000E0767 /* PBXTargetDependency */ = {
			isa = PBXTargetDependency;
			target = 27ECEF01252276AD000E0767 /* Domain */;
			targetProxy = 27ECEF07252276AD000E0767 /* PBXContainerItemProxy */;
		};
		27ECEF2625246F5F000E0767 /* PBXTargetDependency */ = {
			isa = PBXTargetDependency;
			target = 27ECEF1F25246F5F000E0767 /* ApiPlatform */;
			targetProxy = 27ECEF2525246F5F000E0767 /* PBXContainerItemProxy */;
		};
		27ECEF37252470A7000E0767 /* PBXTargetDependency */ = {
			isa = PBXTargetDependency;
			target = 27ECEF01252276AD000E0767 /* Domain */;
			targetProxy = 27ECEF36252470A7000E0767 /* PBXContainerItemProxy */;
		};
		27ED70862528CFB4009B5243 /* PBXTargetDependency */ = {
			isa = PBXTargetDependency;
			target = 27ECEF1F25246F5F000E0767 /* ApiPlatform */;
			targetProxy = 27ED70852528CFB4009B5243 /* PBXContainerItemProxy */;
		};
		27ED708D2528D6F3009B5243 /* PBXTargetDependency */ = {
			isa = PBXTargetDependency;
			target = 27ECEED325227659000E0767 /* SuperHeroList */;
			targetProxy = 27ED708C2528D6F3009B5243 /* PBXContainerItemProxy */;
		};
		27ED70B0252A0039009B5243 /* PBXTargetDependency */ = {
			isa = PBXTargetDependency;
			target = 27ECEED325227659000E0767 /* SuperHeroList */;
			targetProxy = 27ED70AF252A0039009B5243 /* PBXContainerItemProxy */;
		};
/* End PBXTargetDependency section */

/* Begin PBXVariantGroup section */
		27ECEEE22522765B000E0767 /* LaunchScreen.storyboard */ = {
			isa = PBXVariantGroup;
			children = (
				27ECEEE32522765B000E0767 /* Base */,
			);
			name = LaunchScreen.storyboard;
			sourceTree = "<group>";
		};
/* End PBXVariantGroup section */

/* Begin XCBuildConfiguration section */
		27ECEEE62522765B000E0767 /* Debug */ = {
			isa = XCBuildConfiguration;
			buildSettings = {
				ALWAYS_SEARCH_USER_PATHS = NO;
				CLANG_ANALYZER_NONNULL = YES;
				CLANG_ANALYZER_NUMBER_OBJECT_CONVERSION = YES_AGGRESSIVE;
				CLANG_CXX_LANGUAGE_STANDARD = "gnu++14";
				CLANG_CXX_LIBRARY = "libc++";
				CLANG_ENABLE_MODULES = YES;
				CLANG_ENABLE_OBJC_ARC = YES;
				CLANG_ENABLE_OBJC_WEAK = YES;
				CLANG_WARN_BLOCK_CAPTURE_AUTORELEASING = YES;
				CLANG_WARN_BOOL_CONVERSION = YES;
				CLANG_WARN_COMMA = YES;
				CLANG_WARN_CONSTANT_CONVERSION = YES;
				CLANG_WARN_DEPRECATED_OBJC_IMPLEMENTATIONS = YES;
				CLANG_WARN_DIRECT_OBJC_ISA_USAGE = YES_ERROR;
				CLANG_WARN_DOCUMENTATION_COMMENTS = YES;
				CLANG_WARN_EMPTY_BODY = YES;
				CLANG_WARN_ENUM_CONVERSION = YES;
				CLANG_WARN_INFINITE_RECURSION = YES;
				CLANG_WARN_INT_CONVERSION = YES;
				CLANG_WARN_NON_LITERAL_NULL_CONVERSION = YES;
				CLANG_WARN_OBJC_IMPLICIT_RETAIN_SELF = YES;
				CLANG_WARN_OBJC_LITERAL_CONVERSION = YES;
				CLANG_WARN_OBJC_ROOT_CLASS = YES_ERROR;
				CLANG_WARN_RANGE_LOOP_ANALYSIS = YES;
				CLANG_WARN_STRICT_PROTOTYPES = YES;
				CLANG_WARN_SUSPICIOUS_MOVE = YES;
				CLANG_WARN_UNGUARDED_AVAILABILITY = YES_AGGRESSIVE;
				CLANG_WARN_UNREACHABLE_CODE = YES;
				CLANG_WARN__DUPLICATE_METHOD_MATCH = YES;
				COPY_PHASE_STRIP = NO;
				DEBUG_INFORMATION_FORMAT = dwarf;
				ENABLE_STRICT_OBJC_MSGSEND = YES;
				ENABLE_TESTABILITY = YES;
				GCC_C_LANGUAGE_STANDARD = gnu11;
				GCC_DYNAMIC_NO_PIC = NO;
				GCC_NO_COMMON_BLOCKS = YES;
				GCC_OPTIMIZATION_LEVEL = 0;
				GCC_PREPROCESSOR_DEFINITIONS = (
					"DEBUG=1",
					"$(inherited)",
				);
				GCC_WARN_64_TO_32_BIT_CONVERSION = YES;
				GCC_WARN_ABOUT_RETURN_TYPE = YES_ERROR;
				GCC_WARN_UNDECLARED_SELECTOR = YES;
				GCC_WARN_UNINITIALIZED_AUTOS = YES_AGGRESSIVE;
				GCC_WARN_UNUSED_FUNCTION = YES;
				GCC_WARN_UNUSED_VARIABLE = YES;
				IPHONEOS_DEPLOYMENT_TARGET = 13.6;
				MTL_ENABLE_DEBUG_INFO = INCLUDE_SOURCE;
				MTL_FAST_MATH = YES;
				ONLY_ACTIVE_ARCH = YES;
				SDKROOT = iphoneos;
				SWIFT_ACTIVE_COMPILATION_CONDITIONS = DEBUG;
				SWIFT_OPTIMIZATION_LEVEL = "-Onone";
			};
			name = Debug;
		};
		27ECEEE72522765B000E0767 /* Release */ = {
			isa = XCBuildConfiguration;
			buildSettings = {
				ALWAYS_SEARCH_USER_PATHS = NO;
				CLANG_ANALYZER_NONNULL = YES;
				CLANG_ANALYZER_NUMBER_OBJECT_CONVERSION = YES_AGGRESSIVE;
				CLANG_CXX_LANGUAGE_STANDARD = "gnu++14";
				CLANG_CXX_LIBRARY = "libc++";
				CLANG_ENABLE_MODULES = YES;
				CLANG_ENABLE_OBJC_ARC = YES;
				CLANG_ENABLE_OBJC_WEAK = YES;
				CLANG_WARN_BLOCK_CAPTURE_AUTORELEASING = YES;
				CLANG_WARN_BOOL_CONVERSION = YES;
				CLANG_WARN_COMMA = YES;
				CLANG_WARN_CONSTANT_CONVERSION = YES;
				CLANG_WARN_DEPRECATED_OBJC_IMPLEMENTATIONS = YES;
				CLANG_WARN_DIRECT_OBJC_ISA_USAGE = YES_ERROR;
				CLANG_WARN_DOCUMENTATION_COMMENTS = YES;
				CLANG_WARN_EMPTY_BODY = YES;
				CLANG_WARN_ENUM_CONVERSION = YES;
				CLANG_WARN_INFINITE_RECURSION = YES;
				CLANG_WARN_INT_CONVERSION = YES;
				CLANG_WARN_NON_LITERAL_NULL_CONVERSION = YES;
				CLANG_WARN_OBJC_IMPLICIT_RETAIN_SELF = YES;
				CLANG_WARN_OBJC_LITERAL_CONVERSION = YES;
				CLANG_WARN_OBJC_ROOT_CLASS = YES_ERROR;
				CLANG_WARN_RANGE_LOOP_ANALYSIS = YES;
				CLANG_WARN_STRICT_PROTOTYPES = YES;
				CLANG_WARN_SUSPICIOUS_MOVE = YES;
				CLANG_WARN_UNGUARDED_AVAILABILITY = YES_AGGRESSIVE;
				CLANG_WARN_UNREACHABLE_CODE = YES;
				CLANG_WARN__DUPLICATE_METHOD_MATCH = YES;
				COPY_PHASE_STRIP = NO;
				DEBUG_INFORMATION_FORMAT = "dwarf-with-dsym";
				ENABLE_NS_ASSERTIONS = NO;
				ENABLE_STRICT_OBJC_MSGSEND = YES;
				GCC_C_LANGUAGE_STANDARD = gnu11;
				GCC_NO_COMMON_BLOCKS = YES;
				GCC_WARN_64_TO_32_BIT_CONVERSION = YES;
				GCC_WARN_ABOUT_RETURN_TYPE = YES_ERROR;
				GCC_WARN_UNDECLARED_SELECTOR = YES;
				GCC_WARN_UNINITIALIZED_AUTOS = YES_AGGRESSIVE;
				GCC_WARN_UNUSED_FUNCTION = YES;
				GCC_WARN_UNUSED_VARIABLE = YES;
				IPHONEOS_DEPLOYMENT_TARGET = 13.6;
				MTL_ENABLE_DEBUG_INFO = NO;
				MTL_FAST_MATH = YES;
				SDKROOT = iphoneos;
				SWIFT_COMPILATION_MODE = wholemodule;
				SWIFT_OPTIMIZATION_LEVEL = "-O";
				VALIDATE_PRODUCT = YES;
			};
			name = Release;
		};
		27ECEEE92522765B000E0767 /* Debug */ = {
			isa = XCBuildConfiguration;
			buildSettings = {
				ALWAYS_EMBED_SWIFT_STANDARD_LIBRARIES = YES;
				ASSETCATALOG_COMPILER_APPICON_NAME = AppIcon;
				CODE_SIGN_STYLE = Manual;
				DEVELOPMENT_TEAM = "";
				INFOPLIST_FILE = SuperHeroList/Info.plist;
				IPHONEOS_DEPLOYMENT_TARGET = 12.0;
				LD_RUNPATH_SEARCH_PATHS = (
					"$(inherited)",
					"@executable_path/Frameworks",
				);
				PRODUCT_BUNDLE_IDENTIFIER = com.tiago.pereira.SuperHeroList;
				PRODUCT_NAME = "$(TARGET_NAME)";
				PROVISIONING_PROFILE_SPECIFIER = "";
				SWIFT_VERSION = 5.0;
				TARGETED_DEVICE_FAMILY = "1,2";
			};
			name = Debug;
		};
		27ECEEEA2522765B000E0767 /* Release */ = {
			isa = XCBuildConfiguration;
			buildSettings = {
				ALWAYS_EMBED_SWIFT_STANDARD_LIBRARIES = YES;
				ASSETCATALOG_COMPILER_APPICON_NAME = AppIcon;
				CODE_SIGN_STYLE = Manual;
				DEVELOPMENT_TEAM = "";
				INFOPLIST_FILE = SuperHeroList/Info.plist;
				IPHONEOS_DEPLOYMENT_TARGET = 12.0;
				LD_RUNPATH_SEARCH_PATHS = (
					"$(inherited)",
					"@executable_path/Frameworks",
				);
				PRODUCT_BUNDLE_IDENTIFIER = com.tiago.pereira.SuperHeroList;
				PRODUCT_NAME = "$(TARGET_NAME)";
				PROVISIONING_PROFILE_SPECIFIER = "";
				SWIFT_VERSION = 5.0;
				TARGETED_DEVICE_FAMILY = "1,2";
			};
			name = Release;
		};
		27ECEF0C252276AD000E0767 /* Debug */ = {
			isa = XCBuildConfiguration;
			buildSettings = {
				CLANG_ENABLE_MODULES = YES;
				CODE_SIGN_IDENTITY = "Apple Development";
				"CODE_SIGN_IDENTITY[sdk=macosx*]" = "-";
				CODE_SIGN_STYLE = Automatic;
				CURRENT_PROJECT_VERSION = 1;
				DEFINES_MODULE = YES;
				DEVELOPMENT_TEAM = "";
				DYLIB_COMPATIBILITY_VERSION = 1;
				DYLIB_CURRENT_VERSION = 1;
				DYLIB_INSTALL_NAME_BASE = "@rpath";
				INFOPLIST_FILE = Domain/Info.plist;
				INSTALL_PATH = "$(LOCAL_LIBRARY_DIR)/Frameworks";
				IPHONEOS_DEPLOYMENT_TARGET = 12.0;
				LD_RUNPATH_SEARCH_PATHS = (
					"$(inherited)",
					"@executable_path/Frameworks",
					"@loader_path/Frameworks",
				);
				PRODUCT_BUNDLE_IDENTIFIER = com.tiago.pereira.Domain;
				PRODUCT_NAME = "$(TARGET_NAME:c99extidentifier)";
				SKIP_INSTALL = YES;
				SWIFT_OPTIMIZATION_LEVEL = "-Onone";
				SWIFT_VERSION = 5.0;
				TARGETED_DEVICE_FAMILY = "1,2";
				VERSIONING_SYSTEM = "apple-generic";
				VERSION_INFO_PREFIX = "";
			};
			name = Debug;
		};
		27ECEF0D252276AD000E0767 /* Release */ = {
			isa = XCBuildConfiguration;
			buildSettings = {
				CLANG_ENABLE_MODULES = YES;
				CODE_SIGN_IDENTITY = "Apple Development";
				CODE_SIGN_STYLE = Automatic;
				CURRENT_PROJECT_VERSION = 1;
				DEFINES_MODULE = YES;
				DEVELOPMENT_TEAM = WMLX7KJ9SZ;
				DYLIB_COMPATIBILITY_VERSION = 1;
				DYLIB_CURRENT_VERSION = 1;
				DYLIB_INSTALL_NAME_BASE = "@rpath";
				INFOPLIST_FILE = Domain/Info.plist;
				INSTALL_PATH = "$(LOCAL_LIBRARY_DIR)/Frameworks";
				IPHONEOS_DEPLOYMENT_TARGET = 12.0;
				LD_RUNPATH_SEARCH_PATHS = (
					"$(inherited)",
					"@executable_path/Frameworks",
					"@loader_path/Frameworks",
				);
				PRODUCT_BUNDLE_IDENTIFIER = com.tiago.pereira.Domain;
				PRODUCT_NAME = "$(TARGET_NAME:c99extidentifier)";
				SKIP_INSTALL = YES;
				SWIFT_VERSION = 5.0;
				TARGETED_DEVICE_FAMILY = "1,2";
				VERSIONING_SYSTEM = "apple-generic";
				VERSION_INFO_PREFIX = "";
			};
			name = Release;
		};
		27ECEF2A25246F5F000E0767 /* Debug */ = {
			isa = XCBuildConfiguration;
			buildSettings = {
				CLANG_ENABLE_MODULES = YES;
				CODE_SIGN_STYLE = Manual;
				CURRENT_PROJECT_VERSION = 1;
				DEFINES_MODULE = YES;
				DEVELOPMENT_TEAM = "";
				DYLIB_COMPATIBILITY_VERSION = 1;
				DYLIB_CURRENT_VERSION = 1;
				DYLIB_INSTALL_NAME_BASE = "@rpath";
				INFOPLIST_FILE = ApiPlatform/Info.plist;
				INSTALL_PATH = "$(LOCAL_LIBRARY_DIR)/Frameworks";
				IPHONEOS_DEPLOYMENT_TARGET = 12.0;
				LD_RUNPATH_SEARCH_PATHS = (
					"$(inherited)",
					"@executable_path/Frameworks",
					"@loader_path/Frameworks",
				);
				PRODUCT_BUNDLE_IDENTIFIER = com.tiago.pereira.ApiPlatform;
				PRODUCT_NAME = "$(TARGET_NAME:c99extidentifier)";
				PROVISIONING_PROFILE_SPECIFIER = "";
				"PROVISIONING_PROFILE_SPECIFIER[sdk=macosx*]" = "";
				SKIP_INSTALL = YES;
				SWIFT_OPTIMIZATION_LEVEL = "-Onone";
				SWIFT_VERSION = 5.0;
				TARGETED_DEVICE_FAMILY = "1,2";
				VERSIONING_SYSTEM = "apple-generic";
				VERSION_INFO_PREFIX = "";
			};
			name = Debug;
		};
		27ECEF2B25246F5F000E0767 /* Release */ = {
			isa = XCBuildConfiguration;
			buildSettings = {
				CLANG_ENABLE_MODULES = YES;
				CODE_SIGN_STYLE = Automatic;
				CURRENT_PROJECT_VERSION = 1;
				DEFINES_MODULE = YES;
				DYLIB_COMPATIBILITY_VERSION = 1;
				DYLIB_CURRENT_VERSION = 1;
				DYLIB_INSTALL_NAME_BASE = "@rpath";
				INFOPLIST_FILE = ApiPlatform/Info.plist;
				INSTALL_PATH = "$(LOCAL_LIBRARY_DIR)/Frameworks";
				IPHONEOS_DEPLOYMENT_TARGET = 12.0;
				LD_RUNPATH_SEARCH_PATHS = (
					"$(inherited)",
					"@executable_path/Frameworks",
					"@loader_path/Frameworks",
				);
				PRODUCT_BUNDLE_IDENTIFIER = com.tiago.pereira.ApiPlatform;
				PRODUCT_NAME = "$(TARGET_NAME:c99extidentifier)";
				SKIP_INSTALL = YES;
				SWIFT_VERSION = 5.0;
				TARGETED_DEVICE_FAMILY = "1,2";
				VERSIONING_SYSTEM = "apple-generic";
				VERSION_INFO_PREFIX = "";
			};
			name = Release;
		};
		27ED70882528CFB4009B5243 /* Debug */ = {
			isa = XCBuildConfiguration;
			buildSettings = {
				CODE_SIGN_STYLE = Automatic;
				INFOPLIST_FILE = ApiPlatformTests/Info.plist;
				LD_RUNPATH_SEARCH_PATHS = (
					"$(inherited)",
					"@executable_path/Frameworks",
					"@loader_path/Frameworks",
				);
				PRODUCT_BUNDLE_IDENTIFIER = com.tiago.pereira.ApiPlatformTests;
				PRODUCT_NAME = "$(TARGET_NAME)";
				SWIFT_VERSION = 5.0;
				TARGETED_DEVICE_FAMILY = "1,2";
			};
			name = Debug;
		};
		27ED70892528CFB4009B5243 /* Release */ = {
			isa = XCBuildConfiguration;
			buildSettings = {
				CODE_SIGN_STYLE = Automatic;
				INFOPLIST_FILE = ApiPlatformTests/Info.plist;
				LD_RUNPATH_SEARCH_PATHS = (
					"$(inherited)",
					"@executable_path/Frameworks",
					"@loader_path/Frameworks",
				);
				PRODUCT_BUNDLE_IDENTIFIER = com.tiago.pereira.ApiPlatformTests;
				PRODUCT_NAME = "$(TARGET_NAME)";
				SWIFT_VERSION = 5.0;
				TARGETED_DEVICE_FAMILY = "1,2";
			};
			name = Release;
		};
		27ED70B2252A0039009B5243 /* Debug */ = {
			isa = XCBuildConfiguration;
			buildSettings = {
				CODE_SIGN_STYLE = Automatic;
				FRAMEWORK_SEARCH_PATHS = (
					"$(inherited)",
					"\"$(PLATFORM_DIR)/Developer/Library/Frameworks\"",
					"\"${PODS_CONFIGURATION_BUILD_DIR}/RxCocoa-iOS13.6\"",
					"\"${PODS_CONFIGURATION_BUILD_DIR}/RxRelay-iOS13.6\"",
					"\"${PODS_CONFIGURATION_BUILD_DIR}/RxSwift-iOS13.6\"",
					"\"${PODS_CONFIGURATION_BUILD_DIR}/UIScrollView-InfiniteScroll\"",
					"\"${PODS_CONFIGURATION_BUILD_DIR}/RxTest\"",
				);
				INFOPLIST_FILE = SuperHeroListTests/Info.plist;
				LD_RUNPATH_SEARCH_PATHS = (
					"$(inherited)",
					"@executable_path/Frameworks",
					"@loader_path/Frameworks",
				);
				PRODUCT_BUNDLE_IDENTIFIER = com.tiago.pereira.SuperHeroListTests;
				PRODUCT_NAME = "$(TARGET_NAME)";
				SWIFT_VERSION = 5.0;
				TARGETED_DEVICE_FAMILY = "1,2";
			};
			name = Debug;
		};
		27ED70B3252A0039009B5243 /* Release */ = {
			isa = XCBuildConfiguration;
			buildSettings = {
				CODE_SIGN_STYLE = Automatic;
				FRAMEWORK_SEARCH_PATHS = (
					"$(inherited)",
					"\"$(PLATFORM_DIR)/Developer/Library/Frameworks\"",
					"\"${PODS_CONFIGURATION_BUILD_DIR}/RxCocoa-iOS13.6\"",
					"\"${PODS_CONFIGURATION_BUILD_DIR}/RxRelay-iOS13.6\"",
					"\"${PODS_CONFIGURATION_BUILD_DIR}/RxSwift-iOS13.6\"",
					"\"${PODS_CONFIGURATION_BUILD_DIR}/UIScrollView-InfiniteScroll\"",
					"\"${PODS_CONFIGURATION_BUILD_DIR}/RxTest\"",
				);
				INFOPLIST_FILE = SuperHeroListTests/Info.plist;
				LD_RUNPATH_SEARCH_PATHS = (
					"$(inherited)",
					"@executable_path/Frameworks",
					"@loader_path/Frameworks",
				);
				PRODUCT_BUNDLE_IDENTIFIER = com.tiago.pereira.SuperHeroListTests;
				PRODUCT_NAME = "$(TARGET_NAME)";
				SWIFT_VERSION = 5.0;
				TARGETED_DEVICE_FAMILY = "1,2";
			};
			name = Release;
		};
/* End XCBuildConfiguration section */

/* Begin XCConfigurationList section */
		27ECEECF25227659000E0767 /* Build configuration list for PBXProject "SuperHeroList" */ = {
			isa = XCConfigurationList;
			buildConfigurations = (
				27ECEEE62522765B000E0767 /* Debug */,
				27ECEEE72522765B000E0767 /* Release */,
			);
			defaultConfigurationIsVisible = 0;
			defaultConfigurationName = Release;
		};
		27ECEEE82522765B000E0767 /* Build configuration list for PBXNativeTarget "SuperHeroList" */ = {
			isa = XCConfigurationList;
			buildConfigurations = (
				27ECEEE92522765B000E0767 /* Debug */,
				27ECEEEA2522765B000E0767 /* Release */,
			);
			defaultConfigurationIsVisible = 0;
			defaultConfigurationName = Release;
		};
		27ECEF0B252276AD000E0767 /* Build configuration list for PBXNativeTarget "Domain" */ = {
			isa = XCConfigurationList;
			buildConfigurations = (
				27ECEF0C252276AD000E0767 /* Debug */,
				27ECEF0D252276AD000E0767 /* Release */,
			);
			defaultConfigurationIsVisible = 0;
			defaultConfigurationName = Release;
		};
		27ECEF2925246F5F000E0767 /* Build configuration list for PBXNativeTarget "ApiPlatform" */ = {
			isa = XCConfigurationList;
			buildConfigurations = (
				27ECEF2A25246F5F000E0767 /* Debug */,
				27ECEF2B25246F5F000E0767 /* Release */,
			);
			defaultConfigurationIsVisible = 0;
			defaultConfigurationName = Release;
		};
		27ED70872528CFB4009B5243 /* Build configuration list for PBXNativeTarget "ApiPlatformTests" */ = {
			isa = XCConfigurationList;
			buildConfigurations = (
				27ED70882528CFB4009B5243 /* Debug */,
				27ED70892528CFB4009B5243 /* Release */,
			);
			defaultConfigurationIsVisible = 0;
			defaultConfigurationName = Release;
		};
		27ED70B1252A0039009B5243 /* Build configuration list for PBXNativeTarget "SuperHeroListTests" */ = {
			isa = XCConfigurationList;
			buildConfigurations = (
				27ED70B2252A0039009B5243 /* Debug */,
				27ED70B3252A0039009B5243 /* Release */,
			);
			defaultConfigurationIsVisible = 0;
			defaultConfigurationName = Release;
		};
/* End XCConfigurationList section */
	};
	rootObject = 27ECEECC25227659000E0767 /* Project object */;
}
